// !$*UTF8*$!
{
	archiveVersion = 1;
	classes = {
	};
	objectVersion = 46;
	objects = {

/* Begin PBXBuildFile section */
		6DB752C4AAF29BB42A7AF9CC /* libPods-AKFacebook.a in Frameworks */ = {isa = PBXBuildFile; fileRef = 380FF09F7B0D06B1744C1FB6 /* libPods-AKFacebook.a */; };
		8488C0211D0C62FD00132A96 /* AKLoadingView.m in Sources */ = {isa = PBXBuildFile; fileRef = 8488C01D1D0C62FD00132A96 /* AKLoadingView.m */; };
		8488C0221D0C62FD00132A96 /* AKLoadingView.xib in Resources */ = {isa = PBXBuildFile; fileRef = 8488C01E1D0C62FD00132A96 /* AKLoadingView.xib */; };
		8488C0231D0C62FD00132A96 /* AKView.m in Sources */ = {isa = PBXBuildFile; fileRef = 8488C0201D0C62FD00132A96 /* AKView.m */; };
		8488C0261D0C634C00132A96 /* AKFriendsView.m in Sources */ = {isa = PBXBuildFile; fileRef = 8488C0251D0C634C00132A96 /* AKFriendsView.m */; };
		8488C07E1D0C771700132A96 /* AKFriendsViewCell.m in Sources */ = {isa = PBXBuildFile; fileRef = 8488C07C1D0C771700132A96 /* AKFriendsViewCell.m */; };
		8488C07F1D0C771700132A96 /* AKFriendsViewCell.xib in Resources */ = {isa = PBXBuildFile; fileRef = 8488C07D1D0C771700132A96 /* AKFriendsViewCell.xib */; };
		8488C0821D0C7B8900132A96 /* 1406958748.jpg in Resources */ = {isa = PBXBuildFile; fileRef = 8488C0811D0C7B8900132A96 /* 1406958748.jpg */; };
		84BA09821D0D78B70034E996 /* AKFriendsDetailView.m in Sources */ = {isa = PBXBuildFile; fileRef = 84BA09811D0D78B70034E996 /* AKFriendsDetailView.m */; };
		84BA09861D0DC61F0034E996 /* AKUserContext.m in Sources */ = {isa = PBXBuildFile; fileRef = 84BA09851D0DC61F0034E996 /* AKUserContext.m */; };
		84C36BA11D0C27AD004B1443 /* iOS Study Plan.txt in Resources */ = {isa = PBXBuildFile; fileRef = 84C36BA01D0C27AD004B1443 /* iOS Study Plan.txt */; };
		84C80D2B1D0B535900A4365F /* AKDispatch.m in Sources */ = {isa = PBXBuildFile; fileRef = 84C80CBB1D0B535900A4365F /* AKDispatch.m */; };
		84C80D2C1D0B535900A4365F /* AKObserver.m in Sources */ = {isa = PBXBuildFile; fileRef = 84C80CBE1D0B535900A4365F /* AKObserver.m */; };
		84C80D2D1D0B535900A4365F /* AKObserverArray.m in Sources */ = {isa = PBXBuildFile; fileRef = 84C80CC21D0B535900A4365F /* AKObserverArray.m */; };
		84C80D2E1D0B535900A4365F /* AKObserverDictionary.m in Sources */ = {isa = PBXBuildFile; fileRef = 84C80CC51D0B535900A4365F /* AKObserverDictionary.m */; };
		84C80D2F1D0B535900A4365F /* AKObserverObject.m in Sources */ = {isa = PBXBuildFile; fileRef = 84C80CC81D0B535900A4365F /* AKObserverObject.m */; };
		84C80D301D0B535900A4365F /* CGGeometry+AKCategory.m in Sources */ = {isa = PBXBuildFile; fileRef = 84C80CCC1D0B535900A4365F /* CGGeometry+AKCategory.m */; };
		84C80D311D0B535900A4365F /* NSBundle+AKCategory.m in Sources */ = {isa = PBXBuildFile; fileRef = 84C80CCF1D0B535900A4365F /* NSBundle+AKCategory.m */; };
		84C80D321D0B535900A4365F /* NSFileManager+AKCategory.m in Sources */ = {isa = PBXBuildFile; fileRef = 84C80CD21D0B535900A4365F /* NSFileManager+AKCategory.m */; };
		84C80D331D0B535900A4365F /* NSObject+AKExtensions.m in Sources */ = {isa = PBXBuildFile; fileRef = 84C80CD51D0B535900A4365F /* NSObject+AKExtensions.m */; };
		84C80D341D0B535900A4365F /* NSString+AKExtensions.m in Sources */ = {isa = PBXBuildFile; fileRef = 84C80CD81D0B535900A4365F /* NSString+AKExtensions.m */; };
		84C80D351D0B535900A4365F /* UINib+AKCategory.m in Sources */ = {isa = PBXBuildFile; fileRef = 84C80CDB1D0B535900A4365F /* UINib+AKCategory.m */; };
		84C80D361D0B535900A4365F /* UITableView+AKCategory.m in Sources */ = {isa = PBXBuildFile; fileRef = 84C80CDE1D0B535900A4365F /* UITableView+AKCategory.m */; };
		84C80D371D0B535900A4365F /* UIViewController+AKCategory.m in Sources */ = {isa = PBXBuildFile; fileRef = 84C80CE11D0B535900A4365F /* UIViewController+AKCategory.m */; };
		84C80D381D0B535900A4365F /* UIWindow+AKCategory.m in Sources */ = {isa = PBXBuildFile; fileRef = 84C80CE41D0B535900A4365F /* UIWindow+AKCategory.m */; };
		84C80D391D0B535900A4365F /* AKArrayModel.m in Sources */ = {isa = PBXBuildFile; fileRef = 84C80CEA1D0B535900A4365F /* AKArrayModel.m */; };
		84C80D3A1D0B535900A4365F /* AKArrayManager.m in Sources */ = {isa = PBXBuildFile; fileRef = 84C80CED1D0B535900A4365F /* AKArrayManager.m */; };
		84C80D3B1D0B535900A4365F /* AKModel.m in Sources */ = {isa = PBXBuildFile; fileRef = 84C80CF01D0B535900A4365F /* AKModel.m */; };
		84C80D3C1D0B535900A4365F /* AKSharedCacheModel.m in Sources */ = {isa = PBXBuildFile; fileRef = 84C80CF31D0B535900A4365F /* AKSharedCacheModel.m */; };
		84C80D3D1D0B535900A4365F /* AKStateModel.m in Sources */ = {isa = PBXBuildFile; fileRef = 84C80CF61D0B535900A4365F /* AKStateModel.m */; };
		84C80D3E1D0B535900A4365F /* AKStringModel.m in Sources */ = {isa = PBXBuildFile; fileRef = 84C80CF91D0B535900A4365F /* AKStringModel.m */; };
		84C80D421D0B535900A4365F /* AKImageModel.m in Sources */ = {isa = PBXBuildFile; fileRef = 84C80D051D0B535900A4365F /* AKImageModel.m */; };
		84C80D431D0B535900A4365F /* AKImageView.m in Sources */ = {isa = PBXBuildFile; fileRef = 84C80D071D0B535900A4365F /* AKImageView.m */; };
		84C80D441D0B535900A4365F /* AKUserViewCell.m in Sources */ = {isa = PBXBuildFile; fileRef = 84C80D0A1D0B535900A4365F /* AKUserViewCell.m */; };
		84C80D451D0B535900A4365F /* AKUserViewCell.xib in Resources */ = {isa = PBXBuildFile; fileRef = 84C80D0B1D0B535900A4365F /* AKUserViewCell.xib */; };
		84C80D461D0B535900A4365F /* AKUserView.m in Sources */ = {isa = PBXBuildFile; fileRef = 84C80D0F1D0B535900A4365F /* AKUserView.m */; };
		84C80D491D0B535900A4365F /* AKUserViewController.m in Sources */ = {isa = PBXBuildFile; fileRef = 84C80D151D0B535900A4365F /* AKUserViewController.m */; };
		84C80D4A1D0B535900A4365F /* AKUserViewController.xib in Resources */ = {isa = PBXBuildFile; fileRef = 84C80D161D0B535900A4365F /* AKUserViewController.xib */; };
		84C80D5B1D0B53AD00A4365F /* Assets.xcassets in Resources */ = {isa = PBXBuildFile; fileRef = 84C80D541D0B53AD00A4365F /* Assets.xcassets */; };
		84C80D5C1D0B53AD00A4365F /* LaunchScreen.storyboard in Resources */ = {isa = PBXBuildFile; fileRef = 84C80D551D0B53AD00A4365F /* LaunchScreen.storyboard */; };
		84C80D5D1D0B53AD00A4365F /* Main.storyboard in Resources */ = {isa = PBXBuildFile; fileRef = 84C80D571D0B53AD00A4365F /* Main.storyboard */; };
		84C80D5F1D0B53AD00A4365F /* main.m in Sources */ = {isa = PBXBuildFile; fileRef = 84C80D5A1D0B53AD00A4365F /* main.m */; };
		84C80D6F1D0B58FB00A4365F /* AKAlphabet.m in Sources */ = {isa = PBXBuildFile; fileRef = 84C80D671D0B58FB00A4365F /* AKAlphabet.m */; };
		84C80D701D0B58FB00A4365F /* AKClusterAlphabet.m in Sources */ = {isa = PBXBuildFile; fileRef = 84C80D6A1D0B58FB00A4365F /* AKClusterAlphabet.m */; };
		84C80D711D0B58FB00A4365F /* AKRangeAlphabet.m in Sources */ = {isa = PBXBuildFile; fileRef = 84C80D6C1D0B58FB00A4365F /* AKRangeAlphabet.m */; };
		84C80D721D0B58FB00A4365F /* AKStringAlphabet.m in Sources */ = {isa = PBXBuildFile; fileRef = 84C80D6E1D0B58FB00A4365F /* AKStringAlphabet.m */; };
		84C80D761D0B594400A4365F /* AKAppDelegate.m in Sources */ = {isa = PBXBuildFile; fileRef = 84C80D751D0B594400A4365F /* AKAppDelegate.m */; };
		84C80D901D0B59AC00A4365F /* AKFriendsContext.m in Sources */ = {isa = PBXBuildFile; fileRef = 84C80D7B1D0B59AC00A4365F /* AKFriendsContext.m */; };
		84C80D911D0B59AC00A4365F /* AKUser.m in Sources */ = {isa = PBXBuildFile; fileRef = 84C80D7F1D0B59AC00A4365F /* AKUser.m */; };
		84C80D921D0B59AC00A4365F /* AKFriendsDetailViewController.m in Sources */ = {isa = PBXBuildFile; fileRef = 84C80D831D0B59AC00A4365F /* AKFriendsDetailViewController.m */; };
		84C80D931D0B59AC00A4365F /* AKFriendsDetailViewController.xib in Resources */ = {isa = PBXBuildFile; fileRef = 84C80D841D0B59AC00A4365F /* AKFriendsDetailViewController.xib */; };
		84C80D941D0B59AC00A4365F /* AKFriendsViewController.m in Sources */ = {isa = PBXBuildFile; fileRef = 84C80D871D0B59AC00A4365F /* AKFriendsViewController.m */; };
		84C80D951D0B59AC00A4365F /* AKFriendsViewController.xib in Resources */ = {isa = PBXBuildFile; fileRef = 84C80D881D0B59AC00A4365F /* AKFriendsViewController.xib */; };
		84C80D961D0B59AC00A4365F /* AKLoginView.m in Sources */ = {isa = PBXBuildFile; fileRef = 84C80D8C1D0B59AC00A4365F /* AKLoginView.m */; };
		84C80D971D0B59AC00A4365F /* AKLoginViewController.m in Sources */ = {isa = PBXBuildFile; fileRef = 84C80D8E1D0B59AC00A4365F /* AKLoginViewController.m */; };
		84C80D981D0B59AC00A4365F /* AKLoginViewController.xib in Resources */ = {isa = PBXBuildFile; fileRef = 84C80D8F1D0B59AC00A4365F /* AKLoginViewController.xib */; };
/* End PBXBuildFile section */

/* Begin PBXFileReference section */
		0D0A0CFFCF56A803D0355A85 /* Pods-AKFacebook.debug.xcconfig */ = {isa = PBXFileReference; includeInIndex = 1; lastKnownFileType = text.xcconfig; name = "Pods-AKFacebook.debug.xcconfig"; path = "Pods/Target Support Files/Pods-AKFacebook/Pods-AKFacebook.debug.xcconfig"; sourceTree = "<group>"; };
		380FF09F7B0D06B1744C1FB6 /* libPods-AKFacebook.a */ = {isa = PBXFileReference; explicitFileType = archive.ar; includeInIndex = 0; path = "libPods-AKFacebook.a"; sourceTree = BUILT_PRODUCTS_DIR; };
		8488C01C1D0C62FD00132A96 /* AKLoadingView.h */ = {isa = PBXFileReference; fileEncoding = 4; lastKnownFileType = sourcecode.c.h; path = AKLoadingView.h; sourceTree = "<group>"; };
		8488C01D1D0C62FD00132A96 /* AKLoadingView.m */ = {isa = PBXFileReference; fileEncoding = 4; lastKnownFileType = sourcecode.c.objc; path = AKLoadingView.m; sourceTree = "<group>"; };
		8488C01E1D0C62FD00132A96 /* AKLoadingView.xib */ = {isa = PBXFileReference; fileEncoding = 4; lastKnownFileType = file.xib; path = AKLoadingView.xib; sourceTree = "<group>"; };
		8488C01F1D0C62FD00132A96 /* AKView.h */ = {isa = PBXFileReference; fileEncoding = 4; lastKnownFileType = sourcecode.c.h; path = AKView.h; sourceTree = "<group>"; };
		8488C0201D0C62FD00132A96 /* AKView.m */ = {isa = PBXFileReference; fileEncoding = 4; lastKnownFileType = sourcecode.c.objc; path = AKView.m; sourceTree = "<group>"; };
		8488C0241D0C634C00132A96 /* AKFriendsView.h */ = {isa = PBXFileReference; fileEncoding = 4; lastKnownFileType = sourcecode.c.h; path = AKFriendsView.h; sourceTree = "<group>"; };
		8488C0251D0C634C00132A96 /* AKFriendsView.m */ = {isa = PBXFileReference; fileEncoding = 4; lastKnownFileType = sourcecode.c.objc; path = AKFriendsView.m; sourceTree = "<group>"; };
		8488C07B1D0C771700132A96 /* AKFriendsViewCell.h */ = {isa = PBXFileReference; fileEncoding = 4; lastKnownFileType = sourcecode.c.h; path = AKFriendsViewCell.h; sourceTree = "<group>"; };
		8488C07C1D0C771700132A96 /* AKFriendsViewCell.m */ = {isa = PBXFileReference; fileEncoding = 4; lastKnownFileType = sourcecode.c.objc; path = AKFriendsViewCell.m; sourceTree = "<group>"; };
		8488C07D1D0C771700132A96 /* AKFriendsViewCell.xib */ = {isa = PBXFileReference; fileEncoding = 4; lastKnownFileType = file.xib; path = AKFriendsViewCell.xib; sourceTree = "<group>"; };
		8488C0811D0C7B8900132A96 /* 1406958748.jpg */ = {isa = PBXFileReference; lastKnownFileType = image.jpeg; path = 1406958748.jpg; sourceTree = "<group>"; };
		84BA097E1D0D6B940034E996 /* AKFacebookConstans.h */ = {isa = PBXFileReference; fileEncoding = 4; lastKnownFileType = sourcecode.c.h; path = AKFacebookConstans.h; sourceTree = "<group>"; };
		84BA09801D0D78B70034E996 /* AKFriendsDetailView.h */ = {isa = PBXFileReference; fileEncoding = 4; lastKnownFileType = sourcecode.c.h; path = AKFriendsDetailView.h; sourceTree = "<group>"; };
		84BA09811D0D78B70034E996 /* AKFriendsDetailView.m */ = {isa = PBXFileReference; fileEncoding = 4; lastKnownFileType = sourcecode.c.objc; path = AKFriendsDetailView.m; sourceTree = "<group>"; };
		84BA09841D0DC61F0034E996 /* AKUserContext.h */ = {isa = PBXFileReference; fileEncoding = 4; lastKnownFileType = sourcecode.c.h; path = AKUserContext.h; sourceTree = "<group>"; };
		84BA09851D0DC61F0034E996 /* AKUserContext.m */ = {isa = PBXFileReference; fileEncoding = 4; lastKnownFileType = sourcecode.c.objc; path = AKUserContext.m; sourceTree = "<group>"; };
		84C36BA01D0C27AD004B1443 /* iOS Study Plan.txt */ = {isa = PBXFileReference; fileEncoding = 4; lastKnownFileType = text; path = "iOS Study Plan.txt"; sourceTree = "<group>"; };
		84C80CBA1D0B535900A4365F /* AKDispatch.h */ = {isa = PBXFileReference; fileEncoding = 4; lastKnownFileType = sourcecode.c.h; path = AKDispatch.h; sourceTree = "<group>"; };
		84C80CBB1D0B535900A4365F /* AKDispatch.m */ = {isa = PBXFileReference; fileEncoding = 4; lastKnownFileType = sourcecode.c.objc; path = AKDispatch.m; sourceTree = "<group>"; };
		84C80CBD1D0B535900A4365F /* AKObserver.h */ = {isa = PBXFileReference; fileEncoding = 4; lastKnownFileType = sourcecode.c.h; path = AKObserver.h; sourceTree = "<group>"; };
		84C80CBE1D0B535900A4365F /* AKObserver.m */ = {isa = PBXFileReference; fileEncoding = 4; lastKnownFileType = sourcecode.c.objc; path = AKObserver.m; sourceTree = "<group>"; };
		84C80CC11D0B535900A4365F /* AKObserverArray.h */ = {isa = PBXFileReference; fileEncoding = 4; lastKnownFileType = sourcecode.c.h; path = AKObserverArray.h; sourceTree = "<group>"; };
		84C80CC21D0B535900A4365F /* AKObserverArray.m */ = {isa = PBXFileReference; fileEncoding = 4; lastKnownFileType = sourcecode.c.objc; path = AKObserverArray.m; sourceTree = "<group>"; };
		84C80CC41D0B535900A4365F /* AKObserverDictionary.h */ = {isa = PBXFileReference; fileEncoding = 4; lastKnownFileType = sourcecode.c.h; path = AKObserverDictionary.h; sourceTree = "<group>"; };
		84C80CC51D0B535900A4365F /* AKObserverDictionary.m */ = {isa = PBXFileReference; fileEncoding = 4; lastKnownFileType = sourcecode.c.objc; path = AKObserverDictionary.m; sourceTree = "<group>"; };
		84C80CC71D0B535900A4365F /* AKObserverObject.h */ = {isa = PBXFileReference; fileEncoding = 4; lastKnownFileType = sourcecode.c.h; path = AKObserverObject.h; sourceTree = "<group>"; };
		84C80CC81D0B535900A4365F /* AKObserverObject.m */ = {isa = PBXFileReference; fileEncoding = 4; lastKnownFileType = sourcecode.c.objc; path = AKObserverObject.m; sourceTree = "<group>"; };
		84C80CCB1D0B535900A4365F /* CGGeometry+AKCategory.h */ = {isa = PBXFileReference; fileEncoding = 4; lastKnownFileType = sourcecode.c.h; path = "CGGeometry+AKCategory.h"; sourceTree = "<group>"; };
		84C80CCC1D0B535900A4365F /* CGGeometry+AKCategory.m */ = {isa = PBXFileReference; fileEncoding = 4; lastKnownFileType = sourcecode.c.objc; path = "CGGeometry+AKCategory.m"; sourceTree = "<group>"; };
		84C80CCE1D0B535900A4365F /* NSBundle+AKCategory.h */ = {isa = PBXFileReference; fileEncoding = 4; lastKnownFileType = sourcecode.c.h; path = "NSBundle+AKCategory.h"; sourceTree = "<group>"; };
		84C80CCF1D0B535900A4365F /* NSBundle+AKCategory.m */ = {isa = PBXFileReference; fileEncoding = 4; lastKnownFileType = sourcecode.c.objc; path = "NSBundle+AKCategory.m"; sourceTree = "<group>"; };
		84C80CD11D0B535900A4365F /* NSFileManager+AKCategory.h */ = {isa = PBXFileReference; fileEncoding = 4; lastKnownFileType = sourcecode.c.h; path = "NSFileManager+AKCategory.h"; sourceTree = "<group>"; };
		84C80CD21D0B535900A4365F /* NSFileManager+AKCategory.m */ = {isa = PBXFileReference; fileEncoding = 4; lastKnownFileType = sourcecode.c.objc; path = "NSFileManager+AKCategory.m"; sourceTree = "<group>"; };
		84C80CD41D0B535900A4365F /* NSObject+AKExtensions.h */ = {isa = PBXFileReference; fileEncoding = 4; lastKnownFileType = sourcecode.c.h; path = "NSObject+AKExtensions.h"; sourceTree = "<group>"; };
		84C80CD51D0B535900A4365F /* NSObject+AKExtensions.m */ = {isa = PBXFileReference; fileEncoding = 4; lastKnownFileType = sourcecode.c.objc; path = "NSObject+AKExtensions.m"; sourceTree = "<group>"; };
		84C80CD71D0B535900A4365F /* NSString+AKExtensions.h */ = {isa = PBXFileReference; fileEncoding = 4; lastKnownFileType = sourcecode.c.h; path = "NSString+AKExtensions.h"; sourceTree = "<group>"; };
		84C80CD81D0B535900A4365F /* NSString+AKExtensions.m */ = {isa = PBXFileReference; fileEncoding = 4; lastKnownFileType = sourcecode.c.objc; path = "NSString+AKExtensions.m"; sourceTree = "<group>"; };
		84C80CDA1D0B535900A4365F /* UINib+AKCategory.h */ = {isa = PBXFileReference; fileEncoding = 4; lastKnownFileType = sourcecode.c.h; path = "UINib+AKCategory.h"; sourceTree = "<group>"; };
		84C80CDB1D0B535900A4365F /* UINib+AKCategory.m */ = {isa = PBXFileReference; fileEncoding = 4; lastKnownFileType = sourcecode.c.objc; path = "UINib+AKCategory.m"; sourceTree = "<group>"; };
		84C80CDD1D0B535900A4365F /* UITableView+AKCategory.h */ = {isa = PBXFileReference; fileEncoding = 4; lastKnownFileType = sourcecode.c.h; path = "UITableView+AKCategory.h"; sourceTree = "<group>"; };
		84C80CDE1D0B535900A4365F /* UITableView+AKCategory.m */ = {isa = PBXFileReference; fileEncoding = 4; lastKnownFileType = sourcecode.c.objc; path = "UITableView+AKCategory.m"; sourceTree = "<group>"; };
		84C80CE01D0B535900A4365F /* UIViewController+AKCategory.h */ = {isa = PBXFileReference; fileEncoding = 4; lastKnownFileType = sourcecode.c.h; path = "UIViewController+AKCategory.h"; sourceTree = "<group>"; };
		84C80CE11D0B535900A4365F /* UIViewController+AKCategory.m */ = {isa = PBXFileReference; fileEncoding = 4; lastKnownFileType = sourcecode.c.objc; path = "UIViewController+AKCategory.m"; sourceTree = "<group>"; };
		84C80CE31D0B535900A4365F /* UIWindow+AKCategory.h */ = {isa = PBXFileReference; fileEncoding = 4; lastKnownFileType = sourcecode.c.h; path = "UIWindow+AKCategory.h"; sourceTree = "<group>"; };
		84C80CE41D0B535900A4365F /* UIWindow+AKCategory.m */ = {isa = PBXFileReference; fileEncoding = 4; lastKnownFileType = sourcecode.c.objc; path = "UIWindow+AKCategory.m"; sourceTree = "<group>"; };
		84C80CE61D0B535900A4365F /* AKMacroIOS.h */ = {isa = PBXFileReference; fileEncoding = 4; lastKnownFileType = sourcecode.c.h; path = AKMacroIOS.h; sourceTree = "<group>"; };
		84C80CE91D0B535900A4365F /* AKArrayModel.h */ = {isa = PBXFileReference; fileEncoding = 4; lastKnownFileType = sourcecode.c.h; path = AKArrayModel.h; sourceTree = "<group>"; };
		84C80CEA1D0B535900A4365F /* AKArrayModel.m */ = {isa = PBXFileReference; fileEncoding = 4; lastKnownFileType = sourcecode.c.objc; path = AKArrayModel.m; sourceTree = "<group>"; };
		84C80CEC1D0B535900A4365F /* AKArrayManager.h */ = {isa = PBXFileReference; fileEncoding = 4; lastKnownFileType = sourcecode.c.h; path = AKArrayManager.h; sourceTree = "<group>"; };
		84C80CED1D0B535900A4365F /* AKArrayManager.m */ = {isa = PBXFileReference; fileEncoding = 4; lastKnownFileType = sourcecode.c.objc; path = AKArrayManager.m; sourceTree = "<group>"; };
		84C80CEF1D0B535900A4365F /* AKModel.h */ = {isa = PBXFileReference; fileEncoding = 4; lastKnownFileType = sourcecode.c.h; path = AKModel.h; sourceTree = "<group>"; };
		84C80CF01D0B535900A4365F /* AKModel.m */ = {isa = PBXFileReference; fileEncoding = 4; lastKnownFileType = sourcecode.c.objc; path = AKModel.m; sourceTree = "<group>"; };
		84C80CF21D0B535900A4365F /* AKSharedCacheModel.h */ = {isa = PBXFileReference; fileEncoding = 4; lastKnownFileType = sourcecode.c.h; path = AKSharedCacheModel.h; sourceTree = "<group>"; };
		84C80CF31D0B535900A4365F /* AKSharedCacheModel.m */ = {isa = PBXFileReference; fileEncoding = 4; lastKnownFileType = sourcecode.c.objc; path = AKSharedCacheModel.m; sourceTree = "<group>"; };
		84C80CF51D0B535900A4365F /* AKStateModel.h */ = {isa = PBXFileReference; fileEncoding = 4; lastKnownFileType = sourcecode.c.h; path = AKStateModel.h; sourceTree = "<group>"; };
		84C80CF61D0B535900A4365F /* AKStateModel.m */ = {isa = PBXFileReference; fileEncoding = 4; lastKnownFileType = sourcecode.c.objc; path = AKStateModel.m; sourceTree = "<group>"; };
		84C80CF81D0B535900A4365F /* AKStringModel.h */ = {isa = PBXFileReference; fileEncoding = 4; lastKnownFileType = sourcecode.c.h; path = AKStringModel.h; sourceTree = "<group>"; };
		84C80CF91D0B535900A4365F /* AKStringModel.m */ = {isa = PBXFileReference; fileEncoding = 4; lastKnownFileType = sourcecode.c.objc; path = AKStringModel.m; sourceTree = "<group>"; };
		84C80D041D0B535900A4365F /* AKImageModel.h */ = {isa = PBXFileReference; fileEncoding = 4; lastKnownFileType = sourcecode.c.h; path = AKImageModel.h; sourceTree = "<group>"; };
		84C80D051D0B535900A4365F /* AKImageModel.m */ = {isa = PBXFileReference; fileEncoding = 4; lastKnownFileType = sourcecode.c.objc; path = AKImageModel.m; sourceTree = "<group>"; };
		84C80D061D0B535900A4365F /* AKImageView.h */ = {isa = PBXFileReference; fileEncoding = 4; lastKnownFileType = sourcecode.c.h; path = AKImageView.h; sourceTree = "<group>"; };
		84C80D071D0B535900A4365F /* AKImageView.m */ = {isa = PBXFileReference; fileEncoding = 4; lastKnownFileType = sourcecode.c.objc; path = AKImageView.m; sourceTree = "<group>"; };
		84C80D091D0B535900A4365F /* AKUserViewCell.h */ = {isa = PBXFileReference; fileEncoding = 4; lastKnownFileType = sourcecode.c.h; path = AKUserViewCell.h; sourceTree = "<group>"; };
		84C80D0A1D0B535900A4365F /* AKUserViewCell.m */ = {isa = PBXFileReference; fileEncoding = 4; lastKnownFileType = sourcecode.c.objc; path = AKUserViewCell.m; sourceTree = "<group>"; };
		84C80D0B1D0B535900A4365F /* AKUserViewCell.xib */ = {isa = PBXFileReference; fileEncoding = 4; lastKnownFileType = file.xib; path = AKUserViewCell.xib; sourceTree = "<group>"; };
		84C80D0E1D0B535900A4365F /* AKUserView.h */ = {isa = PBXFileReference; fileEncoding = 4; lastKnownFileType = sourcecode.c.h; path = AKUserView.h; sourceTree = "<group>"; };
		84C80D0F1D0B535900A4365F /* AKUserView.m */ = {isa = PBXFileReference; fileEncoding = 4; lastKnownFileType = sourcecode.c.objc; path = AKUserView.m; sourceTree = "<group>"; };
		84C80D141D0B535900A4365F /* AKUserViewController.h */ = {isa = PBXFileReference; fileEncoding = 4; lastKnownFileType = sourcecode.c.h; path = AKUserViewController.h; sourceTree = "<group>"; };
		84C80D151D0B535900A4365F /* AKUserViewController.m */ = {isa = PBXFileReference; fileEncoding = 4; lastKnownFileType = sourcecode.c.objc; path = AKUserViewController.m; sourceTree = "<group>"; };
		84C80D161D0B535900A4365F /* AKUserViewController.xib */ = {isa = PBXFileReference; fileEncoding = 4; lastKnownFileType = file.xib; path = AKUserViewController.xib; sourceTree = "<group>"; };
		84C80D541D0B53AD00A4365F /* Assets.xcassets */ = {isa = PBXFileReference; lastKnownFileType = folder.assetcatalog; path = Assets.xcassets; sourceTree = "<group>"; };
		84C80D561D0B53AD00A4365F /* Base */ = {isa = PBXFileReference; lastKnownFileType = file.storyboard; name = Base; path = Base.lproj/LaunchScreen.storyboard; sourceTree = "<group>"; };
		84C80D581D0B53AD00A4365F /* Base */ = {isa = PBXFileReference; lastKnownFileType = file.storyboard; name = Base; path = Base.lproj/Main.storyboard; sourceTree = "<group>"; };
		84C80D591D0B53AD00A4365F /* Info.plist */ = {isa = PBXFileReference; fileEncoding = 4; lastKnownFileType = text.plist.xml; path = Info.plist; sourceTree = "<group>"; };
		84C80D5A1D0B53AD00A4365F /* main.m */ = {isa = PBXFileReference; fileEncoding = 4; lastKnownFileType = sourcecode.c.objc; path = main.m; sourceTree = "<group>"; };
		84C80D631D0B57B500A4365F /* FacebookProjectPrefix.pch */ = {isa = PBXFileReference; fileEncoding = 4; lastKnownFileType = sourcecode.c.h; path = FacebookProjectPrefix.pch; sourceTree = "<group>"; };
		84C80D641D0B589100A4365F /* AKMacroObjC.h */ = {isa = PBXFileReference; fileEncoding = 4; lastKnownFileType = sourcecode.c.h; path = AKMacroObjC.h; sourceTree = "<group>"; };
		84C80D661D0B58FB00A4365F /* AKAlphabet.h */ = {isa = PBXFileReference; fileEncoding = 4; lastKnownFileType = sourcecode.c.h; path = AKAlphabet.h; sourceTree = "<group>"; };
		84C80D671D0B58FB00A4365F /* AKAlphabet.m */ = {isa = PBXFileReference; fileEncoding = 4; lastKnownFileType = sourcecode.c.objc; path = AKAlphabet.m; sourceTree = "<group>"; };
		84C80D691D0B58FB00A4365F /* AKClusterAlphabet.h */ = {isa = PBXFileReference; fileEncoding = 4; lastKnownFileType = sourcecode.c.h; path = AKClusterAlphabet.h; sourceTree = "<group>"; };
		84C80D6A1D0B58FB00A4365F /* AKClusterAlphabet.m */ = {isa = PBXFileReference; fileEncoding = 4; lastKnownFileType = sourcecode.c.objc; path = AKClusterAlphabet.m; sourceTree = "<group>"; };
		84C80D6B1D0B58FB00A4365F /* AKRangeAlphabet.h */ = {isa = PBXFileReference; fileEncoding = 4; lastKnownFileType = sourcecode.c.h; path = AKRangeAlphabet.h; sourceTree = "<group>"; };
		84C80D6C1D0B58FB00A4365F /* AKRangeAlphabet.m */ = {isa = PBXFileReference; fileEncoding = 4; lastKnownFileType = sourcecode.c.objc; path = AKRangeAlphabet.m; sourceTree = "<group>"; };
		84C80D6D1D0B58FB00A4365F /* AKStringAlphabet.h */ = {isa = PBXFileReference; fileEncoding = 4; lastKnownFileType = sourcecode.c.h; path = AKStringAlphabet.h; sourceTree = "<group>"; };
		84C80D6E1D0B58FB00A4365F /* AKStringAlphabet.m */ = {isa = PBXFileReference; fileEncoding = 4; lastKnownFileType = sourcecode.c.objc; path = AKStringAlphabet.m; sourceTree = "<group>"; };
		84C80D741D0B594400A4365F /* AKAppDelegate.h */ = {isa = PBXFileReference; fileEncoding = 4; lastKnownFileType = sourcecode.c.h; path = AKAppDelegate.h; sourceTree = "<group>"; };
		84C80D751D0B594400A4365F /* AKAppDelegate.m */ = {isa = PBXFileReference; fileEncoding = 4; lastKnownFileType = sourcecode.c.objc; path = AKAppDelegate.m; sourceTree = "<group>"; };
		84C80D7A1D0B59AC00A4365F /* AKFriendsContext.h */ = {isa = PBXFileReference; fileEncoding = 4; lastKnownFileType = sourcecode.c.h; path = AKFriendsContext.h; sourceTree = "<group>"; };
		84C80D7B1D0B59AC00A4365F /* AKFriendsContext.m */ = {isa = PBXFileReference; fileEncoding = 4; lastKnownFileType = sourcecode.c.objc; path = AKFriendsContext.m; sourceTree = "<group>"; };
		84C80D7E1D0B59AC00A4365F /* AKUser.h */ = {isa = PBXFileReference; fileEncoding = 4; lastKnownFileType = sourcecode.c.h; path = AKUser.h; sourceTree = "<group>"; };
		84C80D7F1D0B59AC00A4365F /* AKUser.m */ = {isa = PBXFileReference; fileEncoding = 4; lastKnownFileType = sourcecode.c.objc; path = AKUser.m; sourceTree = "<group>"; };
		84C80D821D0B59AC00A4365F /* AKFriendsDetailViewController.h */ = {isa = PBXFileReference; fileEncoding = 4; lastKnownFileType = sourcecode.c.h; path = AKFriendsDetailViewController.h; sourceTree = "<group>"; };
		84C80D831D0B59AC00A4365F /* AKFriendsDetailViewController.m */ = {isa = PBXFileReference; fileEncoding = 4; lastKnownFileType = sourcecode.c.objc; path = AKFriendsDetailViewController.m; sourceTree = "<group>"; };
		84C80D841D0B59AC00A4365F /* AKFriendsDetailViewController.xib */ = {isa = PBXFileReference; fileEncoding = 4; lastKnownFileType = file.xib; path = AKFriendsDetailViewController.xib; sourceTree = "<group>"; };
		84C80D861D0B59AC00A4365F /* AKFriendsViewController.h */ = {isa = PBXFileReference; fileEncoding = 4; lastKnownFileType = sourcecode.c.h; path = AKFriendsViewController.h; sourceTree = "<group>"; };
		84C80D871D0B59AC00A4365F /* AKFriendsViewController.m */ = {isa = PBXFileReference; fileEncoding = 4; lastKnownFileType = sourcecode.c.objc; path = AKFriendsViewController.m; sourceTree = "<group>"; };
		84C80D881D0B59AC00A4365F /* AKFriendsViewController.xib */ = {isa = PBXFileReference; fileEncoding = 4; lastKnownFileType = file.xib; path = AKFriendsViewController.xib; sourceTree = "<group>"; };
		84C80D8B1D0B59AC00A4365F /* AKLoginView.h */ = {isa = PBXFileReference; fileEncoding = 4; lastKnownFileType = sourcecode.c.h; path = AKLoginView.h; sourceTree = "<group>"; };
		84C80D8C1D0B59AC00A4365F /* AKLoginView.m */ = {isa = PBXFileReference; fileEncoding = 4; lastKnownFileType = sourcecode.c.objc; path = AKLoginView.m; sourceTree = "<group>"; };
		84C80D8D1D0B59AC00A4365F /* AKLoginViewController.h */ = {isa = PBXFileReference; fileEncoding = 4; lastKnownFileType = sourcecode.c.h; path = AKLoginViewController.h; sourceTree = "<group>"; };
		84C80D8E1D0B59AC00A4365F /* AKLoginViewController.m */ = {isa = PBXFileReference; fileEncoding = 4; lastKnownFileType = sourcecode.c.objc; path = AKLoginViewController.m; sourceTree = "<group>"; };
		84C80D8F1D0B59AC00A4365F /* AKLoginViewController.xib */ = {isa = PBXFileReference; fileEncoding = 4; lastKnownFileType = file.xib; path = AKLoginViewController.xib; sourceTree = "<group>"; };
		84CCCF4D1D0B5482001A10A7 /* AKFacebook.app */ = {isa = PBXFileReference; explicitFileType = wrapper.application; includeInIndex = 0; path = AKFacebook.app; sourceTree = BUILT_PRODUCTS_DIR; };
		8D64EE2CAA465223CE802759 /* Pods-AKFacebook.release.xcconfig */ = {isa = PBXFileReference; includeInIndex = 1; lastKnownFileType = text.xcconfig; name = "Pods-AKFacebook.release.xcconfig"; path = "Pods/Target Support Files/Pods-AKFacebook/Pods-AKFacebook.release.xcconfig"; sourceTree = "<group>"; };
/* End PBXFileReference section */

/* Begin PBXFrameworksBuildPhase section */
		8439B3BC1D0B464E00A0AB73 /* Frameworks */ = {
			isa = PBXFrameworksBuildPhase;
			buildActionMask = 2147483647;
			files = (
				6DB752C4AAF29BB42A7AF9CC /* libPods-AKFacebook.a in Frameworks */,
			);
			runOnlyForDeploymentPostprocessing = 0;
		};
/* End PBXFrameworksBuildPhase section */

/* Begin PBXGroup section */
		0E3D819031EDD5E31BA2C0C1 /* Frameworks */ = {
			isa = PBXGroup;
			children = (
				380FF09F7B0D06B1744C1FB6 /* libPods-AKFacebook.a */,
			);
			name = Frameworks;
			sourceTree = "<group>";
		};
		8439B3B61D0B464E00A0AB73 = {
			isa = PBXGroup;
			children = (
				84C36BA01D0C27AD004B1443 /* iOS Study Plan.txt */,
				84C80CB71D0B535900A4365F /* AKFacebook */,
				D793D474A56B7CAAB0A68E98 /* Pods */,
				0E3D819031EDD5E31BA2C0C1 /* Frameworks */,
				84CCCF4D1D0B5482001A10A7 /* AKFacebook.app */,
			);
			sourceTree = "<group>";
		};
		8488C0191D0C5C5500132A96 /* AKFriendsView */ = {
			isa = PBXGroup;
			children = (
				8488C0241D0C634C00132A96 /* AKFriendsView.h */,
				8488C0251D0C634C00132A96 /* AKFriendsView.m */,
			);
			path = AKFriendsView;
			sourceTree = "<group>";
		};
		8488C01A1D0C62FD00132A96 /* AKView */ = {
			isa = PBXGroup;
			children = (
				8488C01B1D0C62FD00132A96 /* AKLoadingView */,
				8488C01F1D0C62FD00132A96 /* AKView.h */,
				8488C0201D0C62FD00132A96 /* AKView.m */,
			);
			path = AKView;
			sourceTree = "<group>";
		};
		8488C01B1D0C62FD00132A96 /* AKLoadingView */ = {
			isa = PBXGroup;
			children = (
				8488C01C1D0C62FD00132A96 /* AKLoadingView.h */,
				8488C01D1D0C62FD00132A96 /* AKLoadingView.m */,
				8488C01E1D0C62FD00132A96 /* AKLoadingView.xib */,
			);
			path = AKLoadingView;
			sourceTree = "<group>";
		};
		8488C07A1D0C771700132A96 /* AKFriendsViewCell */ = {
			isa = PBXGroup;
			children = (
				8488C07B1D0C771700132A96 /* AKFriendsViewCell.h */,
				8488C07C1D0C771700132A96 /* AKFriendsViewCell.m */,
				8488C07D1D0C771700132A96 /* AKFriendsViewCell.xib */,
			);
			path = AKFriendsViewCell;
			sourceTree = "<group>";
		};
		8488C0801D0C7B8900132A96 /* Resourse */ = {
			isa = PBXGroup;
			children = (
				8488C0811D0C7B8900132A96 /* 1406958748.jpg */,
			);
			path = Resourse;
			sourceTree = "<group>";
		};
		84BA097F1D0D789D0034E996 /* AKFriendsDetailView */ = {
			isa = PBXGroup;
			children = (
				84BA09801D0D78B70034E996 /* AKFriendsDetailView.h */,
				84BA09811D0D78B70034E996 /* AKFriendsDetailView.m */,
			);
			path = AKFriendsDetailView;
			sourceTree = "<group>";
		};
		84BA09831D0DC6070034E996 /* AKUserContext */ = {
			isa = PBXGroup;
			children = (
				84BA09841D0DC61F0034E996 /* AKUserContext.h */,
				84BA09851D0DC61F0034E996 /* AKUserContext.m */,
			);
			path = AKUserContext;
			sourceTree = "<group>";
		};
		84C80CB71D0B535900A4365F /* AKFacebook */ = {
			isa = PBXGroup;
			children = (
				8488C0801D0C7B8900132A96 /* Resourse */,
				84C80D771D0B59AC00A4365F /* Source */,
				84C80CB81D0B535900A4365F /* Library */,
				84C80D521D0B53AD00A4365F /* SupportingFiles */,
			);
			path = AKFacebook;
			sourceTree = "<group>";
		};
		84C80CB81D0B535900A4365F /* Library */ = {
			isa = PBXGroup;
			children = (
				84C80D651D0B58FB00A4365F /* AKAlphabet */,
				84C80CB91D0B535900A4365F /* AKDispatch */,
				84C80CBC1D0B535900A4365F /* AKObserver */,
				84C80CC91D0B535900A4365F /* Extentions */,
				84C80CE51D0B535900A4365F /* Macro */,
				84C80CE71D0B535900A4365F /* Models */,
				84C80D011D0B535900A4365F /* UI */,
			);
			path = Library;
			sourceTree = "<group>";
		};
		84C80CB91D0B535900A4365F /* AKDispatch */ = {
			isa = PBXGroup;
			children = (
				84C80CBA1D0B535900A4365F /* AKDispatch.h */,
				84C80CBB1D0B535900A4365F /* AKDispatch.m */,
			);
			path = AKDispatch;
			sourceTree = "<group>";
		};
		84C80CBC1D0B535900A4365F /* AKObserver */ = {
			isa = PBXGroup;
			children = (
				84C80CBD1D0B535900A4365F /* AKObserver.h */,
				84C80CBE1D0B535900A4365F /* AKObserver.m */,
				84C80CBF1D0B535900A4365F /* Private */,
			);
			path = AKObserver;
			sourceTree = "<group>";
		};
		84C80CBF1D0B535900A4365F /* Private */ = {
			isa = PBXGroup;
			children = (
				84C80CC01D0B535900A4365F /* AKObserverArray */,
				84C80CC31D0B535900A4365F /* AKObserverDictionary */,
				84C80CC61D0B535900A4365F /* AKObserverObject */,
			);
			path = Private;
			sourceTree = "<group>";
		};
		84C80CC01D0B535900A4365F /* AKObserverArray */ = {
			isa = PBXGroup;
			children = (
				84C80CC11D0B535900A4365F /* AKObserverArray.h */,
				84C80CC21D0B535900A4365F /* AKObserverArray.m */,
			);
			path = AKObserverArray;
			sourceTree = "<group>";
		};
		84C80CC31D0B535900A4365F /* AKObserverDictionary */ = {
			isa = PBXGroup;
			children = (
				84C80CC41D0B535900A4365F /* AKObserverDictionary.h */,
				84C80CC51D0B535900A4365F /* AKObserverDictionary.m */,
			);
			path = AKObserverDictionary;
			sourceTree = "<group>";
		};
		84C80CC61D0B535900A4365F /* AKObserverObject */ = {
			isa = PBXGroup;
			children = (
				84C80CC71D0B535900A4365F /* AKObserverObject.h */,
				84C80CC81D0B535900A4365F /* AKObserverObject.m */,
			);
			path = AKObserverObject;
			sourceTree = "<group>";
		};
		84C80CC91D0B535900A4365F /* Extentions */ = {
			isa = PBXGroup;
			children = (
				84C80CCA1D0B535900A4365F /* CGGeometry+AKCategory */,
				84C80CCD1D0B535900A4365F /* NSBundle+AKCategory */,
				84C80CD01D0B535900A4365F /* NSFileManager+AKCategory */,
				84C80CD31D0B535900A4365F /* NSObject+AKExtensions */,
				84C80CD61D0B535900A4365F /* NSString+AKExtensions */,
				84C80CD91D0B535900A4365F /* UINib+AKCategory */,
				84C80CDC1D0B535900A4365F /* UITabelView+AKCategory */,
				84C80CDF1D0B535900A4365F /* UIViewController+AKCategory */,
				84C80CE21D0B535900A4365F /* UIWindow+AKCategory */,
			);
			path = Extentions;
			sourceTree = "<group>";
		};
		84C80CCA1D0B535900A4365F /* CGGeometry+AKCategory */ = {
			isa = PBXGroup;
			children = (
				84C80CCB1D0B535900A4365F /* CGGeometry+AKCategory.h */,
				84C80CCC1D0B535900A4365F /* CGGeometry+AKCategory.m */,
			);
			path = "CGGeometry+AKCategory";
			sourceTree = "<group>";
		};
		84C80CCD1D0B535900A4365F /* NSBundle+AKCategory */ = {
			isa = PBXGroup;
			children = (
				84C80CCE1D0B535900A4365F /* NSBundle+AKCategory.h */,
				84C80CCF1D0B535900A4365F /* NSBundle+AKCategory.m */,
			);
			path = "NSBundle+AKCategory";
			sourceTree = "<group>";
		};
		84C80CD01D0B535900A4365F /* NSFileManager+AKCategory */ = {
			isa = PBXGroup;
			children = (
				84C80CD11D0B535900A4365F /* NSFileManager+AKCategory.h */,
				84C80CD21D0B535900A4365F /* NSFileManager+AKCategory.m */,
			);
			path = "NSFileManager+AKCategory";
			sourceTree = "<group>";
		};
		84C80CD31D0B535900A4365F /* NSObject+AKExtensions */ = {
			isa = PBXGroup;
			children = (
				84C80CD41D0B535900A4365F /* NSObject+AKExtensions.h */,
				84C80CD51D0B535900A4365F /* NSObject+AKExtensions.m */,
			);
			path = "NSObject+AKExtensions";
			sourceTree = "<group>";
		};
		84C80CD61D0B535900A4365F /* NSString+AKExtensions */ = {
			isa = PBXGroup;
			children = (
				84C80CD71D0B535900A4365F /* NSString+AKExtensions.h */,
				84C80CD81D0B535900A4365F /* NSString+AKExtensions.m */,
			);
			path = "NSString+AKExtensions";
			sourceTree = "<group>";
		};
		84C80CD91D0B535900A4365F /* UINib+AKCategory */ = {
			isa = PBXGroup;
			children = (
				84C80CDA1D0B535900A4365F /* UINib+AKCategory.h */,
				84C80CDB1D0B535900A4365F /* UINib+AKCategory.m */,
			);
			path = "UINib+AKCategory";
			sourceTree = "<group>";
		};
		84C80CDC1D0B535900A4365F /* UITabelView+AKCategory */ = {
			isa = PBXGroup;
			children = (
				84C80CDD1D0B535900A4365F /* UITableView+AKCategory.h */,
				84C80CDE1D0B535900A4365F /* UITableView+AKCategory.m */,
			);
			path = "UITabelView+AKCategory";
			sourceTree = "<group>";
		};
		84C80CDF1D0B535900A4365F /* UIViewController+AKCategory */ = {
			isa = PBXGroup;
			children = (
				84C80CE01D0B535900A4365F /* UIViewController+AKCategory.h */,
				84C80CE11D0B535900A4365F /* UIViewController+AKCategory.m */,
			);
			path = "UIViewController+AKCategory";
			sourceTree = "<group>";
		};
		84C80CE21D0B535900A4365F /* UIWindow+AKCategory */ = {
			isa = PBXGroup;
			children = (
				84C80CE31D0B535900A4365F /* UIWindow+AKCategory.h */,
				84C80CE41D0B535900A4365F /* UIWindow+AKCategory.m */,
			);
			path = "UIWindow+AKCategory";
			sourceTree = "<group>";
		};
		84C80CE51D0B535900A4365F /* Macro */ = {
			isa = PBXGroup;
			children = (
				84C80D641D0B589100A4365F /* AKMacroObjC.h */,
				84C80CE61D0B535900A4365F /* AKMacroIOS.h */,
			);
			path = Macro;
			sourceTree = "<group>";
		};
		84C80CE71D0B535900A4365F /* Models */ = {
			isa = PBXGroup;
			children = (
				84C80CE81D0B535900A4365F /* AKArrayModel */,
				84C80CEE1D0B535900A4365F /* AKModel */,
				84C80CF11D0B535900A4365F /* AKSharedCacheModel */,
				84C80CF41D0B535900A4365F /* AKStateModel */,
				84C80CF71D0B535900A4365F /* AKStringModel */,
			);
			path = Models;
			sourceTree = "<group>";
		};
		84C80CE81D0B535900A4365F /* AKArrayModel */ = {
			isa = PBXGroup;
			children = (
				84C80CE91D0B535900A4365F /* AKArrayModel.h */,
				84C80CEA1D0B535900A4365F /* AKArrayModel.m */,
				84C80CEB1D0B535900A4365F /* AKArrayModelManager */,
			);
			path = AKArrayModel;
			sourceTree = "<group>";
		};
		84C80CEB1D0B535900A4365F /* AKArrayModelManager */ = {
			isa = PBXGroup;
			children = (
				84C80CEC1D0B535900A4365F /* AKArrayManager.h */,
				84C80CED1D0B535900A4365F /* AKArrayManager.m */,
			);
			path = AKArrayModelManager;
			sourceTree = "<group>";
		};
		84C80CEE1D0B535900A4365F /* AKModel */ = {
			isa = PBXGroup;
			children = (
				84C80CEF1D0B535900A4365F /* AKModel.h */,
				84C80CF01D0B535900A4365F /* AKModel.m */,
			);
			path = AKModel;
			sourceTree = "<group>";
		};
		84C80CF11D0B535900A4365F /* AKSharedCacheModel */ = {
			isa = PBXGroup;
			children = (
				84C80CF21D0B535900A4365F /* AKSharedCacheModel.h */,
				84C80CF31D0B535900A4365F /* AKSharedCacheModel.m */,
			);
			path = AKSharedCacheModel;
			sourceTree = "<group>";
		};
		84C80CF41D0B535900A4365F /* AKStateModel */ = {
			isa = PBXGroup;
			children = (
				84C80CF51D0B535900A4365F /* AKStateModel.h */,
				84C80CF61D0B535900A4365F /* AKStateModel.m */,
			);
			path = AKStateModel;
			sourceTree = "<group>";
		};
		84C80CF71D0B535900A4365F /* AKStringModel */ = {
			isa = PBXGroup;
			children = (
				84C80CF81D0B535900A4365F /* AKStringModel.h */,
				84C80CF91D0B535900A4365F /* AKStringModel.m */,
			);
			path = AKStringModel;
			sourceTree = "<group>";
		};
		84C80D011D0B535900A4365F /* UI */ = {
			isa = PBXGroup;
			children = (
				8488C01A1D0C62FD00132A96 /* AKView */,
				84C80D021D0B535900A4365F /* AKImageView */,
				84C80D081D0B535900A4365F /* AKUserViewCell */,
				84C80D0C1D0B535900A4365F /* AKUserViewController */,
			);
			path = UI;
			sourceTree = "<group>";
		};
		84C80D021D0B535900A4365F /* AKImageView */ = {
			isa = PBXGroup;
			children = (
				84C80D031D0B535900A4365F /* AKImageModel */,
				84C80D061D0B535900A4365F /* AKImageView.h */,
				84C80D071D0B535900A4365F /* AKImageView.m */,
			);
			path = AKImageView;
			sourceTree = "<group>";
		};
		84C80D031D0B535900A4365F /* AKImageModel */ = {
			isa = PBXGroup;
			children = (
				84C80D041D0B535900A4365F /* AKImageModel.h */,
				84C80D051D0B535900A4365F /* AKImageModel.m */,
			);
			path = AKImageModel;
			sourceTree = "<group>";
		};
		84C80D081D0B535900A4365F /* AKUserViewCell */ = {
			isa = PBXGroup;
			children = (
				84C80D091D0B535900A4365F /* AKUserViewCell.h */,
				84C80D0A1D0B535900A4365F /* AKUserViewCell.m */,
				84C80D0B1D0B535900A4365F /* AKUserViewCell.xib */,
			);
			path = AKUserViewCell;
			sourceTree = "<group>";
		};
		84C80D0C1D0B535900A4365F /* AKUserViewController */ = {
			isa = PBXGroup;
			children = (
				84C80D0D1D0B535900A4365F /* AKUserView */,
				84C80D141D0B535900A4365F /* AKUserViewController.h */,
				84C80D151D0B535900A4365F /* AKUserViewController.m */,
				84C80D161D0B535900A4365F /* AKUserViewController.xib */,
			);
			path = AKUserViewController;
			sourceTree = "<group>";
		};
		84C80D0D1D0B535900A4365F /* AKUserView */ = {
			isa = PBXGroup;
			children = (
				84C80D0E1D0B535900A4365F /* AKUserView.h */,
				84C80D0F1D0B535900A4365F /* AKUserView.m */,
			);
			path = AKUserView;
			sourceTree = "<group>";
		};
		84C80D521D0B53AD00A4365F /* SupportingFiles */ = {
			isa = PBXGroup;
			children = (
				84C80D731D0B594400A4365F /* AKAppDelegate */,
				84C80D541D0B53AD00A4365F /* Assets.xcassets */,
				84C80D551D0B53AD00A4365F /* LaunchScreen.storyboard */,
				84C80D631D0B57B500A4365F /* FacebookProjectPrefix.pch */,
				84C80D571D0B53AD00A4365F /* Main.storyboard */,
				84C80D591D0B53AD00A4365F /* Info.plist */,
				84C80D5A1D0B53AD00A4365F /* main.m */,
			);
			path = SupportingFiles;
			sourceTree = "<group>";
		};
		84C80D651D0B58FB00A4365F /* AKAlphabet */ = {
			isa = PBXGroup;
			children = (
				84C80D661D0B58FB00A4365F /* AKAlphabet.h */,
				84C80D671D0B58FB00A4365F /* AKAlphabet.m */,
				84C80D681D0B58FB00A4365F /* Private */,
			);
			path = AKAlphabet;
			sourceTree = "<group>";
		};
		84C80D681D0B58FB00A4365F /* Private */ = {
			isa = PBXGroup;
			children = (
				84C80D691D0B58FB00A4365F /* AKClusterAlphabet.h */,
				84C80D6A1D0B58FB00A4365F /* AKClusterAlphabet.m */,
				84C80D6B1D0B58FB00A4365F /* AKRangeAlphabet.h */,
				84C80D6C1D0B58FB00A4365F /* AKRangeAlphabet.m */,
				84C80D6D1D0B58FB00A4365F /* AKStringAlphabet.h */,
				84C80D6E1D0B58FB00A4365F /* AKStringAlphabet.m */,
			);
			path = Private;
			sourceTree = "<group>";
		};
		84C80D731D0B594400A4365F /* AKAppDelegate */ = {
			isa = PBXGroup;
			children = (
				84C80D741D0B594400A4365F /* AKAppDelegate.h */,
				84C80D751D0B594400A4365F /* AKAppDelegate.m */,
			);
			path = AKAppDelegate;
			sourceTree = "<group>";
		};
		84C80D771D0B59AC00A4365F /* Source */ = {
			isa = PBXGroup;
			children = (
				84BA097E1D0D6B940034E996 /* AKFacebookConstans.h */,
				84C80D781D0B59AC00A4365F /* Context */,
				84C80D7C1D0B59AC00A4365F /* Models */,
				84C80D801D0B59AC00A4365F /* UI */,
			);
			path = Source;
			sourceTree = "<group>";
		};
		84C80D781D0B59AC00A4365F /* Context */ = {
			isa = PBXGroup;
			children = (
				84BA09831D0DC6070034E996 /* AKUserContext */,
				84C80D791D0B59AC00A4365F /* AKFriendsContext */,
			);
			path = Context;
			sourceTree = "<group>";
		};
		84C80D791D0B59AC00A4365F /* AKFriendsContext */ = {
			isa = PBXGroup;
			children = (
				84C80D7A1D0B59AC00A4365F /* AKFriendsContext.h */,
				84C80D7B1D0B59AC00A4365F /* AKFriendsContext.m */,
			);
			path = AKFriendsContext;
			sourceTree = "<group>";
		};
		84C80D7C1D0B59AC00A4365F /* Models */ = {
			isa = PBXGroup;
			children = (
				84C80D7D1D0B59AC00A4365F /* AKUser */,
			);
			path = Models;
			sourceTree = "<group>";
		};
		84C80D7D1D0B59AC00A4365F /* AKUser */ = {
			isa = PBXGroup;
			children = (
				84C80D7E1D0B59AC00A4365F /* AKUser.h */,
				84C80D7F1D0B59AC00A4365F /* AKUser.m */,
			);
			path = AKUser;
			sourceTree = "<group>";
		};
		84C80D801D0B59AC00A4365F /* UI */ = {
			isa = PBXGroup;
			children = (
				84C80D811D0B59AC00A4365F /* AKFriendsDetailViewController */,
				84C80D851D0B59AC00A4365F /* AKFriendsViewController */,
				84C80D891D0B59AC00A4365F /* AKLoginViewController */,
			);
			path = UI;
			sourceTree = "<group>";
		};
		84C80D811D0B59AC00A4365F /* AKFriendsDetailViewController */ = {
			isa = PBXGroup;
			children = (
				84BA097F1D0D789D0034E996 /* AKFriendsDetailView */,
				84C80D821D0B59AC00A4365F /* AKFriendsDetailViewController.h */,
				84C80D831D0B59AC00A4365F /* AKFriendsDetailViewController.m */,
				84C80D841D0B59AC00A4365F /* AKFriendsDetailViewController.xib */,
			);
			path = AKFriendsDetailViewController;
			sourceTree = "<group>";
		};
		84C80D851D0B59AC00A4365F /* AKFriendsViewController */ = {
			isa = PBXGroup;
			children = (
				8488C07A1D0C771700132A96 /* AKFriendsViewCell */,
				8488C0191D0C5C5500132A96 /* AKFriendsView */,
				84C80D861D0B59AC00A4365F /* AKFriendsViewController.h */,
				84C80D871D0B59AC00A4365F /* AKFriendsViewController.m */,
				84C80D881D0B59AC00A4365F /* AKFriendsViewController.xib */,
			);
			path = AKFriendsViewController;
			sourceTree = "<group>";
		};
		84C80D891D0B59AC00A4365F /* AKLoginViewController */ = {
			isa = PBXGroup;
			children = (
				84C80D8A1D0B59AC00A4365F /* AKLoginView */,
				84C80D8D1D0B59AC00A4365F /* AKLoginViewController.h */,
				84C80D8E1D0B59AC00A4365F /* AKLoginViewController.m */,
				84C80D8F1D0B59AC00A4365F /* AKLoginViewController.xib */,
			);
			path = AKLoginViewController;
			sourceTree = "<group>";
		};
		84C80D8A1D0B59AC00A4365F /* AKLoginView */ = {
			isa = PBXGroup;
			children = (
				84C80D8B1D0B59AC00A4365F /* AKLoginView.h */,
				84C80D8C1D0B59AC00A4365F /* AKLoginView.m */,
			);
			path = AKLoginView;
			sourceTree = "<group>";
		};
		D793D474A56B7CAAB0A68E98 /* Pods */ = {
			isa = PBXGroup;
			children = (
				0D0A0CFFCF56A803D0355A85 /* Pods-AKFacebook.debug.xcconfig */,
				8D64EE2CAA465223CE802759 /* Pods-AKFacebook.release.xcconfig */,
			);
			name = Pods;
			sourceTree = "<group>";
		};
/* End PBXGroup section */

/* Begin PBXNativeTarget section */
		8439B3BE1D0B464E00A0AB73 /* AKFacebook */ = {
			isa = PBXNativeTarget;
			buildConfigurationList = 8439B3D61D0B464F00A0AB73 /* Build configuration list for PBXNativeTarget "AKFacebook" */;
			buildPhases = (
				CDCB5FCF7D495B1786A8BC9E /* [CP] Check Pods Manifest.lock */,
				8439B3BB1D0B464E00A0AB73 /* Sources */,
				8439B3BC1D0B464E00A0AB73 /* Frameworks */,
				8439B3BD1D0B464E00A0AB73 /* Resources */,
				A9A23E1AD1711CD3DD1843E0 /* [CP] Embed Pods Frameworks */,
				2B964E167968A8047881658A /* [CP] Copy Pods Resources */,
			);
			buildRules = (
			);
			dependencies = (
			);
			name = AKFacebook;
			productName = AKFacebook;
			productReference = 84CCCF4D1D0B5482001A10A7 /* AKFacebook.app */;
			productType = "com.apple.product-type.application";
		};
/* End PBXNativeTarget section */

/* Begin PBXProject section */
		8439B3B71D0B464E00A0AB73 /* Project object */ = {
			isa = PBXProject;
			attributes = {
				LastUpgradeCheck = 0730;
				ORGANIZATIONNAME = "Karpov Andrey";
				TargetAttributes = {
					8439B3BE1D0B464E00A0AB73 = {
						CreatedOnToolsVersion = 7.3.1;
					};
				};
			};
			buildConfigurationList = 8439B3BA1D0B464E00A0AB73 /* Build configuration list for PBXProject "AKFacebook" */;
			compatibilityVersion = "Xcode 3.2";
			developmentRegion = English;
			hasScannedForEncodings = 0;
			knownRegions = (
				en,
				Base,
			);
			mainGroup = 8439B3B61D0B464E00A0AB73;
			productRefGroup = 8439B3B61D0B464E00A0AB73;
			projectDirPath = "";
			projectRoot = "";
			targets = (
				8439B3BE1D0B464E00A0AB73 /* AKFacebook */,
			);
		};
/* End PBXProject section */

/* Begin PBXResourcesBuildPhase section */
		8439B3BD1D0B464E00A0AB73 /* Resources */ = {
			isa = PBXResourcesBuildPhase;
			buildActionMask = 2147483647;
			files = (
				84C80D931D0B59AC00A4365F /* AKFriendsDetailViewController.xib in Resources */,
				84C80D951D0B59AC00A4365F /* AKFriendsViewController.xib in Resources */,
				84C80D981D0B59AC00A4365F /* AKLoginViewController.xib in Resources */,
				84C80D5D1D0B53AD00A4365F /* Main.storyboard in Resources */,
				84C80D451D0B535900A4365F /* AKUserViewCell.xib in Resources */,
				84C80D5C1D0B53AD00A4365F /* LaunchScreen.storyboard in Resources */,
				84C36BA11D0C27AD004B1443 /* iOS Study Plan.txt in Resources */,
				8488C0221D0C62FD00132A96 /* AKLoadingView.xib in Resources */,
				8488C07F1D0C771700132A96 /* AKFriendsViewCell.xib in Resources */,
				8488C0821D0C7B8900132A96 /* 1406958748.jpg in Resources */,
				84C80D5B1D0B53AD00A4365F /* Assets.xcassets in Resources */,
				84C80D4A1D0B535900A4365F /* AKUserViewController.xib in Resources */,
			);
			runOnlyForDeploymentPostprocessing = 0;
		};
/* End PBXResourcesBuildPhase section */

/* Begin PBXShellScriptBuildPhase section */
		2B964E167968A8047881658A /* [CP] Copy Pods Resources */ = {
			isa = PBXShellScriptBuildPhase;
			buildActionMask = 2147483647;
			files = (
			);
			inputPaths = (
			);
			name = "[CP] Copy Pods Resources";
			outputPaths = (
			);
			runOnlyForDeploymentPostprocessing = 0;
			shellPath = /bin/sh;
			shellScript = "\"${SRCROOT}/Pods/Target Support Files/Pods-AKFacebook/Pods-AKFacebook-resources.sh\"\n";
			showEnvVarsInLog = 0;
		};
		A9A23E1AD1711CD3DD1843E0 /* [CP] Embed Pods Frameworks */ = {
			isa = PBXShellScriptBuildPhase;
			buildActionMask = 2147483647;
			files = (
			);
			inputPaths = (
			);
			name = "[CP] Embed Pods Frameworks";
			outputPaths = (
			);
			runOnlyForDeploymentPostprocessing = 0;
			shellPath = /bin/sh;
			shellScript = "\"${SRCROOT}/Pods/Target Support Files/Pods-AKFacebook/Pods-AKFacebook-frameworks.sh\"\n";
			showEnvVarsInLog = 0;
		};
		CDCB5FCF7D495B1786A8BC9E /* [CP] Check Pods Manifest.lock */ = {
			isa = PBXShellScriptBuildPhase;
			buildActionMask = 2147483647;
			files = (
			);
			inputPaths = (
			);
			name = "[CP] Check Pods Manifest.lock";
			outputPaths = (
			);
			runOnlyForDeploymentPostprocessing = 0;
			shellPath = /bin/sh;
			shellScript = "diff \"${PODS_ROOT}/../Podfile.lock\" \"${PODS_ROOT}/Manifest.lock\" > /dev/null\nif [[ $? != 0 ]] ; then\n    cat << EOM\nerror: The sandbox is not in sync with the Podfile.lock. Run 'pod install' or update your CocoaPods installation.\nEOM\n    exit 1\nfi\n";
			showEnvVarsInLog = 0;
		};
/* End PBXShellScriptBuildPhase section */

/* Begin PBXSourcesBuildPhase section */
		8439B3BB1D0B464E00A0AB73 /* Sources */ = {
			isa = PBXSourcesBuildPhase;
			buildActionMask = 2147483647;
			files = (
				84C80D421D0B535900A4365F /* AKImageModel.m in Sources */,
				84C80D2D1D0B535900A4365F /* AKObserverArray.m in Sources */,
				84C80D761D0B594400A4365F /* AKAppDelegate.m in Sources */,
				84C80D3A1D0B535900A4365F /* AKArrayManager.m in Sources */,
				84C80D2B1D0B535900A4365F /* AKDispatch.m in Sources */,
				84C80D901D0B59AC00A4365F /* AKFriendsContext.m in Sources */,
				84C80D2C1D0B535900A4365F /* AKObserver.m in Sources */,
				84C80D701D0B58FB00A4365F /* AKClusterAlphabet.m in Sources */,
				84C80D461D0B535900A4365F /* AKUserView.m in Sources */,
				84C80D941D0B59AC00A4365F /* AKFriendsViewController.m in Sources */,
				84C80D341D0B535900A4365F /* NSString+AKExtensions.m in Sources */,
				8488C07E1D0C771700132A96 /* AKFriendsViewCell.m in Sources */,
				84C80D391D0B535900A4365F /* AKArrayModel.m in Sources */,
				84C80D3E1D0B535900A4365F /* AKStringModel.m in Sources */,
				8488C0211D0C62FD00132A96 /* AKLoadingView.m in Sources */,
				84C80D331D0B535900A4365F /* NSObject+AKExtensions.m in Sources */,
				84C80D3C1D0B535900A4365F /* AKSharedCacheModel.m in Sources */,
				84C80D381D0B535900A4365F /* UIWindow+AKCategory.m in Sources */,
				84C80D5F1D0B53AD00A4365F /* main.m in Sources */,
				84C80D371D0B535900A4365F /* UIViewController+AKCategory.m in Sources */,
				84C80D301D0B535900A4365F /* CGGeometry+AKCategory.m in Sources */,
				84BA09821D0D78B70034E996 /* AKFriendsDetailView.m in Sources */,
				8488C0261D0C634C00132A96 /* AKFriendsView.m in Sources */,
				84C80D491D0B535900A4365F /* AKUserViewController.m in Sources */,
				84C80D351D0B535900A4365F /* UINib+AKCategory.m in Sources */,
				84C80D971D0B59AC00A4365F /* AKLoginViewController.m in Sources */,
				84C80D6F1D0B58FB00A4365F /* AKAlphabet.m in Sources */,
				84C80D311D0B535900A4365F /* NSBundle+AKCategory.m in Sources */,
				84C80D2F1D0B535900A4365F /* AKObserverObject.m in Sources */,
				84C80D361D0B535900A4365F /* UITableView+AKCategory.m in Sources */,
				84C80D441D0B535900A4365F /* AKUserViewCell.m in Sources */,
				84C80D911D0B59AC00A4365F /* AKUser.m in Sources */,
				84C80D431D0B535900A4365F /* AKImageView.m in Sources */,
				84C80D3B1D0B535900A4365F /* AKModel.m in Sources */,
				84C80D921D0B59AC00A4365F /* AKFriendsDetailViewController.m in Sources */,
				84C80D3D1D0B535900A4365F /* AKStateModel.m in Sources */,
				84BA09861D0DC61F0034E996 /* AKUserContext.m in Sources */,
				84C80D711D0B58FB00A4365F /* AKRangeAlphabet.m in Sources */,
				84C80D321D0B535900A4365F /* NSFileManager+AKCategory.m in Sources */,
				84C80D961D0B59AC00A4365F /* AKLoginView.m in Sources */,
				84C80D2E1D0B535900A4365F /* AKObserverDictionary.m in Sources */,
				84C80D721D0B58FB00A4365F /* AKStringAlphabet.m in Sources */,
				8488C0231D0C62FD00132A96 /* AKView.m in Sources */,
			);
			runOnlyForDeploymentPostprocessing = 0;
		};
/* End PBXSourcesBuildPhase section */

/* Begin PBXVariantGroup section */
		84C80D551D0B53AD00A4365F /* LaunchScreen.storyboard */ = {
			isa = PBXVariantGroup;
			children = (
				84C80D561D0B53AD00A4365F /* Base */,
			);
			name = LaunchScreen.storyboard;
			sourceTree = "<group>";
		};
		84C80D571D0B53AD00A4365F /* Main.storyboard */ = {
			isa = PBXVariantGroup;
			children = (
				84C80D581D0B53AD00A4365F /* Base */,
			);
			name = Main.storyboard;
			sourceTree = "<group>";
		};
/* End PBXVariantGroup section */

/* Begin XCBuildConfiguration section */
		8439B3D41D0B464F00A0AB73 /* Debug */ = {
			isa = XCBuildConfiguration;
			buildSettings = {
				ALWAYS_SEARCH_USER_PATHS = NO;
				CLANG_ANALYZER_NONNULL = YES;
				CLANG_CXX_LANGUAGE_STANDARD = "gnu++0x";
				CLANG_CXX_LIBRARY = "libc++";
				CLANG_ENABLE_MODULES = YES;
				CLANG_ENABLE_OBJC_ARC = YES;
				CLANG_WARN_BOOL_CONVERSION = YES;
				CLANG_WARN_CONSTANT_CONVERSION = YES;
				CLANG_WARN_DIRECT_OBJC_ISA_USAGE = YES_ERROR;
				CLANG_WARN_EMPTY_BODY = YES;
				CLANG_WARN_ENUM_CONVERSION = YES;
				CLANG_WARN_INT_CONVERSION = YES;
				CLANG_WARN_OBJC_ROOT_CLASS = YES_ERROR;
				CLANG_WARN_UNREACHABLE_CODE = YES;
				CLANG_WARN__DUPLICATE_METHOD_MATCH = YES;
				"CODE_SIGN_IDENTITY[sdk=iphoneos*]" = "iPhone Developer";
				COPY_PHASE_STRIP = NO;
				DEBUG_INFORMATION_FORMAT = dwarf;
				ENABLE_STRICT_OBJC_MSGSEND = YES;
				ENABLE_TESTABILITY = YES;
				GCC_C_LANGUAGE_STANDARD = gnu99;
				GCC_DYNAMIC_NO_PIC = NO;
				GCC_NO_COMMON_BLOCKS = YES;
				GCC_OPTIMIZATION_LEVEL = 0;
				GCC_PREPROCESSOR_DEFINITIONS = (
					"DEBUG=1",
					"$(inherited)",
				);
				GCC_WARN_64_TO_32_BIT_CONVERSION = YES;
				GCC_WARN_ABOUT_RETURN_TYPE = YES_ERROR;
				GCC_WARN_UNDECLARED_SELECTOR = YES;
				GCC_WARN_UNINITIALIZED_AUTOS = YES_AGGRESSIVE;
				GCC_WARN_UNUSED_FUNCTION = YES;
				GCC_WARN_UNUSED_VARIABLE = YES;
				IPHONEOS_DEPLOYMENT_TARGET = 9.3;
				MTL_ENABLE_DEBUG_INFO = YES;
				ONLY_ACTIVE_ARCH = YES;
				SDKROOT = iphoneos;
			};
			name = Debug;
		};
		8439B3D51D0B464F00A0AB73 /* Release */ = {
			isa = XCBuildConfiguration;
			buildSettings = {
				ALWAYS_SEARCH_USER_PATHS = NO;
				CLANG_ANALYZER_NONNULL = YES;
				CLANG_CXX_LANGUAGE_STANDARD = "gnu++0x";
				CLANG_CXX_LIBRARY = "libc++";
				CLANG_ENABLE_MODULES = YES;
				CLANG_ENABLE_OBJC_ARC = YES;
				CLANG_WARN_BOOL_CONVERSION = YES;
				CLANG_WARN_CONSTANT_CONVERSION = YES;
				CLANG_WARN_DIRECT_OBJC_ISA_USAGE = YES_ERROR;
				CLANG_WARN_EMPTY_BODY = YES;
				CLANG_WARN_ENUM_CONVERSION = YES;
				CLANG_WARN_INT_CONVERSION = YES;
				CLANG_WARN_OBJC_ROOT_CLASS = YES_ERROR;
				CLANG_WARN_UNREACHABLE_CODE = YES;
				CLANG_WARN__DUPLICATE_METHOD_MATCH = YES;
				"CODE_SIGN_IDENTITY[sdk=iphoneos*]" = "iPhone Developer";
				COPY_PHASE_STRIP = NO;
				DEBUG_INFORMATION_FORMAT = "dwarf-with-dsym";
				ENABLE_NS_ASSERTIONS = NO;
				ENABLE_STRICT_OBJC_MSGSEND = YES;
				GCC_C_LANGUAGE_STANDARD = gnu99;
				GCC_NO_COMMON_BLOCKS = YES;
				GCC_WARN_64_TO_32_BIT_CONVERSION = YES;
				GCC_WARN_ABOUT_RETURN_TYPE = YES_ERROR;
				GCC_WARN_UNDECLARED_SELECTOR = YES;
				GCC_WARN_UNINITIALIZED_AUTOS = YES_AGGRESSIVE;
				GCC_WARN_UNUSED_FUNCTION = YES;
				GCC_WARN_UNUSED_VARIABLE = YES;
				IPHONEOS_DEPLOYMENT_TARGET = 9.3;
				MTL_ENABLE_DEBUG_INFO = NO;
				SDKROOT = iphoneos;
				VALIDATE_PRODUCT = YES;
			};
			name = Release;
		};
		8439B3D71D0B464F00A0AB73 /* Debug */ = {
			isa = XCBuildConfiguration;
			baseConfigurationReference = 0D0A0CFFCF56A803D0355A85 /* Pods-AKFacebook.debug.xcconfig */;
			buildSettings = {
				ASSETCATALOG_COMPILER_APPICON_NAME = AppIcon;
				GCC_PRECOMPILE_PREFIX_HEADER = YES;
				GCC_PREFIX_HEADER = "$(PROJECT_DIR)/AKFacebook/SupportingFiles/FacebookProjectPrefix.pch";
				INFOPLIST_FILE = "$(SRCROOT)/AKFacebook/SupportingFiles/Info.plist";
				IPHONEOS_DEPLOYMENT_TARGET = 9.3;
				LD_RUNPATH_SEARCH_PATHS = "$(inherited) @executable_path/Frameworks";
				PRODUCT_BUNDLE_IDENTIFIER = AK.AKFacebook;
				PRODUCT_NAME = "$(TARGET_NAME)";
			};
			name = Debug;
		};
		8439B3D81D0B464F00A0AB73 /* Release */ = {
			isa = XCBuildConfiguration;
			baseConfigurationReference = 8D64EE2CAA465223CE802759 /* Pods-AKFacebook.release.xcconfig */;
			buildSettings = {
				ASSETCATALOG_COMPILER_APPICON_NAME = AppIcon;
				GCC_PRECOMPILE_PREFIX_HEADER = YES;
				GCC_PREFIX_HEADER = "$(PROJECT_DIR)/AKFacebook/SupportingFiles/FacebookProjectPrefix.pch";
				INFOPLIST_FILE = "$(SRCROOT)/AKFacebook/SupportingFiles/Info.plist";
				IPHONEOS_DEPLOYMENT_TARGET = 9.3;
				LD_RUNPATH_SEARCH_PATHS = "$(inherited) @executable_path/Frameworks";
				PRODUCT_BUNDLE_IDENTIFIER = AK.AKFacebook;
				PRODUCT_NAME = "$(TARGET_NAME)";
			};
			name = Release;
		};
/* End XCBuildConfiguration section */

/* Begin XCConfigurationList section */
		8439B3BA1D0B464E00A0AB73 /* Build configuration list for PBXProject "AKFacebook" */ = {
			isa = XCConfigurationList;
			buildConfigurations = (
				8439B3D41D0B464F00A0AB73 /* Debug */,
				8439B3D51D0B464F00A0AB73 /* Release */,
			);
			defaultConfigurationIsVisible = 0;
			defaultConfigurationName = Release;
		};
		8439B3D61D0B464F00A0AB73 /* Build configuration list for PBXNativeTarget "AKFacebook" */ = {
			isa = XCConfigurationList;
			buildConfigurations = (
				8439B3D71D0B464F00A0AB73 /* Debug */,
				8439B3D81D0B464F00A0AB73 /* Release */,
			);
			defaultConfigurationIsVisible = 0;
			defaultConfigurationName = Release;
		};
/* End XCConfigurationList section */
	};
	rootObject = 8439B3B71D0B464E00A0AB73 /* Project object */;
}
